github.com/lcylpzls/errx v1.5.4 h1:xEQRgYJEF7bArQqRe70yHDk+W17OcXSVo8g+knSGr70=
github.com/lcylpzls/errx v1.5.4/go.mod h1:Eo26wXcmV2hdMB1CJvhFc4zLZr4aNutlvakzwTzwncM=
github.com/lcylpzls/logx v1.3.1 h1:9h/yxwodfJR7NsRvAVPnv6H6A0dbiAofMqLoTAm0xfo=
github.com/lcylpzls/logx v1.3.1/go.mod h1:eX8QMpxjv2igvhDPeHyCaFOp1wfNTpJVTmAQbn9naoE=
github.com/lcylpzls/testx v1.4.2 h1:AMbPE4uEnFrK8Glra9P78FkHaqxYyQHim/cme3+vOlw=
github.com/lcylpzls/testx v1.4.2/go.mod h1:LtRgi54rpw6k5Pomw2iczOfGsRXBroKGml1VeiZUZbI=
github.com/lcylpzls/validx v1.2.3 h1:546qrTF86yW1QVIlP+JiJqFrg9YH54SH5BS7j/+OIJI=
github.com/lcylpzls/validx v1.2.3/go.mod h1:HAy1xjuJRfjp1T+7c7aX6BYBrsiDSuQbvgDTOjwAug8=
golang.org/x/sys v0.33.0 h1:q3i8TbbEz+JRD9ywIRlyRAQbM0qF7hu24q3teo2hbuw=
golang.org/x/sys v0.33.0/go.mod h1:BJP2sWEmIv4KK5OTEluFJCKSidICx8ciO85XgH3Ak8k=
