github.com/lcylpzls/errx v1.5.4 h1:xEQRgYJEF7bArQqRe70yHDk+W17OcXSVo8g+knSGr70=
github.com/lcylpzls/errx v1.5.4/go.mod h1:Eo26wXcmV2hdMB1CJvhFc4zLZr4aNutlvakzwTzwncM=
github.com/lcylpzls/logx v1.3.0 h1:8PMkVJKu6ZvMFOmvOeeoiCsBmkQrdP5nTk5FQ7g4tK8=
github.com/lcylpzls/logx v1.3.0/go.mod h1:eX8QMpxjv2igvhDPeHyCaFOp1wfNTpJVTmAQbn9naoE=
github.com/lcylpzls/testx v1.2.3 h1:oDhHMQU8j+Y44VOPiXLcwgGcDCICe2mCQRwW8qwKUb4=
github.com/lcylpzls/testx v1.2.3/go.mod h1:Rd8MiIpLu+x1b/PcXv8iUYF4xqkdiiXOF9dF4Pr3rv4=
github.com/lcylpzls/validx v1.2.2 h1:q6ZxN1qdTSaFfGTGoyCi33sluWfwCLDx3hd5xpmidp0=
github.com/lcylpzls/validx v1.2.2/go.mod h1:HAy1xjuJRfjp1T+7c7aX6BYBrsiDSuQbvgDTOjwAug8=
golang.org/x/sys v0.33.0 h1:q3i8TbbEz+JRD9ywIRlyRAQbM0qF7hu24q3teo2hbuw=
golang.org/x/sys v0.33.0/go.mod h1:BJP2sWEmIv4KK5OTEluFJCKSidICx8ciO85XgH3Ak8k=
