github.com/lcylpzls/errx v1.5.5 h1:zM4NcWPHmtwhdxjaw8abzryZNgcjGc4qs57QSc5wpLU=
github.com/lcylpzls/errx v1.5.5/go.mod h1:mvjTnKj5gDpNtj/0pftC/ctWH+P1NrNOl1asrij//RM=
github.com/lcylpzls/logx v1.3.2 h1:RZtmXH2LR77mk/l8WrsztP27e6v71zGPyzBF01B4Mog=
github.com/lcylpzls/logx v1.3.2/go.mod h1:EVpYAd/8ueoQJVdkcw4UHq7aKtlBr6Nj9P5x44JuMlM=
github.com/lcylpzls/testx v1.4.3 h1:0eDjxIyqy1ffpNCNOXBJzogUGRaNBsOgU8BcIs5BUlc=
github.com/lcylpzls/testx v1.4.3/go.mod h1:y+UKgHdKABet7RS3NVRejcWbyF4fXYZ8nmOIeNTWn8I=
github.com/lcylpzls/validx v1.2.4 h1:YT+dHr+eoK9+em0MTTYjNMFxX+GvTYRIuG9b37KD+EU=
github.com/lcylpzls/validx v1.2.4/go.mod h1:riR2Vb8sNIJAgD1Xpnwc/5dHSKFRXNdpuMqJGzT/1zA=
golang.org/x/sys v0.33.0 h1:q3i8TbbEz+JRD9ywIRlyRAQbM0qF7hu24q3teo2hbuw=
golang.org/x/sys v0.33.0/go.mod h1:BJP2sWEmIv4KK5OTEluFJCKSidICx8ciO85XgH3Ak8k=
