github.com/lcylpzls/errx v1.5.7 h1:xG8/Czb1WOyQo2Q9maeZs0XhUwiSJZmXp2NgrKV0994=
github.com/lcylpzls/errx v1.5.7/go.mod h1:ialPRwTF+qXrLenZS8UvVdJMiXehvzGdDp7Sz3R25rg=
github.com/lcylpzls/logx v1.3.4 h1:SY0MOst90+fwxqpAMJvln46OHQwu7u1MEh7jkzsgJmA=
github.com/lcylpzls/logx v1.3.4/go.mod h1:yuwucAdbDdExex5jEiiYaXqBNUku37skHloJRy0x/aw=
github.com/lcylpzls/testx v1.4.5 h1:y4zvTQErVpAd1sKzev2p2yu5Q84jHk+GNoRmjWAGkSY=
github.com/lcylpzls/testx v1.4.5/go.mod h1:kzSdyHDmf8MY/rRQK5Qhh3eeJ2ZabQ/lrxdBPKud0y8=
github.com/lcylpzls/tracex/contract v1.0.0 h1:H0/vDBKsIoYbi2R2lUh2DaM9VAIRm39iFR9wlugavTw=
github.com/lcylpzls/tracex/contract v1.0.0/go.mod h1:+CdUp8rAvExbR3bRDMxkZhOxRQYrSj/xl3G04MQQcVc=
github.com/lcylpzls/validx v1.2.6 h1:rq2zUT1ZSVTWrQ5mAznW/BHSoNSZP9VNw1es6wRMwNc=
github.com/lcylpzls/validx v1.2.6/go.mod h1:A72lUEFYJAfDC4H5HQfG8qI5Lg52EMhuOC0BNseBV00=
golang.org/x/sys v0.47.0 h1:o7XGOvZQCADBQQ4Y7VNq2dRWQR7JmOUW8Kxx4ZsNgWs=
golang.org/x/sys v0.47.0/go.mod h1:4GL1E5IUh+htKOUEOaiffhrAeqysfVGipDYzABqnCmw=
